
Microsoft Visual Studio Solution File, Format Version 12.00
# Visual Studio Version 16
VisualStudioVersion = 16.0.30204.135
MinimumVisualStudioVersion = 10.0.40219.1
Project("{FAE04EC0-301F-11D3-BF4B-00C04F79EFBC}") = "VexReRezzed", "VexReRezzed.csproj", "{D91E4D48-A799-4EA5-B3C0-6ADFB8F9BD73}"
EndProject
Global
	GlobalSection(SolutionConfigurationPlatforms) = preSolution
		Debug|Any CPU = Debug|Any CPU
		Release|Any CPU = Release|Any CPU
	EndGlobalSection
	GlobalSection(ProjectConfigurationPlatforms) = postSolution
		{D91E4D48-A799-4EA5-B3C0-6ADFB8F9BD73}.Debug|Any CPU.ActiveCfg = Debug|Any CPU
		{D91E4D48-A799-4EA5-B3C0-6ADFB8F9BD73}.Debug|Any CPU.Build.0 = Debug|Any CPU
		{D91E4D48-A799-4EA5-B3C0-6ADFB8F9BD73}.Release|Any CPU.ActiveCfg = Release|Any CPU
		{D91E4D48-A799-4EA5-B3C0-6ADFB8F9BD73}.Release|Any CPU.Build.0 = Release|Any CPU
	EndGlobalSection
	GlobalSection(SolutionProperties) = preSolution
		HideSolutionNode = FALSE
	EndGlobalSection
	GlobalSection(ExtensibilityGlobals) = postSolution
		SolutionGuid = {F544ADC8-6F2E-46F9-B690-D6B152F168A6}
	EndGlobalSection
EndGlobal
